// !$*UTF8*$!
{
	archiveVersion = 1;
	classes = {
	};
	objectVersion = 50;
	objects = {

/* Begin PBXBuildFile section */
		F2B6CE792512E2F300C9081D /* AppDelegate.swift in Sources */ = {isa = PBXBuildFile; fileRef = F2B6CE782512E2F300C9081D /* AppDelegate.swift */; };
		F2B6CE7B2512E2F300C9081D /* SceneDelegate.swift in Sources */ = {isa = PBXBuildFile; fileRef = F2B6CE7A2512E2F300C9081D /* SceneDelegate.swift */; };
		F2B6CE7D2512E2F300C9081D /* ContentView.swift in Sources */ = {isa = PBXBuildFile; fileRef = F2B6CE7C2512E2F300C9081D /* ContentView.swift */; };
		F2B6CE7F2512E2F800C9081D /* Assets.xcassets in Resources */ = {isa = PBXBuildFile; fileRef = F2B6CE7E2512E2F800C9081D /* Assets.xcassets */; };
		F2B6CE822512E2F800C9081D /* Preview Assets.xcassets in Resources */ = {isa = PBXBuildFile; fileRef = F2B6CE812512E2F800C9081D /* Preview Assets.xcassets */; };
		F2B6CE852512E2F800C9081D /* LaunchScreen.storyboard in Resources */ = {isa = PBXBuildFile; fileRef = F2B6CE832512E2F800C9081D /* LaunchScreen.storyboard */; };
/* End PBXBuildFile section */

/* Begin PBXFileReference section */
		F2B6CE752512E2F300C9081D /* simple-weather.app */ = {isa = PBXFileReference; explicitFileType = wrapper.application; includeInIndex = 0; path = "simple-weather.app"; sourceTree = BUILT_PRODUCTS_DIR; };
		F2B6CE782512E2F300C9081D /* AppDelegate.swift */ = {isa = PBXFileReference; lastKnownFileType = sourcecode.swift; path = AppDelegate.swift; sourceTree = "<group>"; };
		F2B6CE7A2512E2F300C9081D /* SceneDelegate.swift */ = {isa = PBXFileReference; lastKnownFileType = sourcecode.swift; path = SceneDelegate.swift; sourceTree = "<group>"; };
		F2B6CE7C2512E2F300C9081D /* ContentView.swift */ = {isa = PBXFileReference; lastKnownFileType = sourcecode.swift; path = ContentView.swift; sourceTree = "<group>"; };
		F2B6CE7E2512E2F800C9081D /* Assets.xcassets */ = {isa = PBXFileReference; lastKnownFileType = folder.assetcatalog; path = Assets.xcassets; sourceTree = "<group>"; };
		F2B6CE812512E2F800C9081D /* Preview Assets.xcassets */ = {isa = PBXFileReference; lastKnownFileType = folder.assetcatalog; path = "Preview Assets.xcassets"; sourceTree = "<group>"; };
		F2B6CE842512E2F800C9081D /* Base */ = {isa = PBXFileReference; lastKnownFileType = file.storyboard; name = Base; path = Base.lproj/LaunchScreen.storyboard; sourceTree = "<group>"; };
		F2B6CE862512E2F800C9081D /* Info.plist */ = {isa = PBXFileReference; lastKnownFileType = text.plist.xml; path = Info.plist; sourceTree = "<group>"; };
/* End PBXFileReference section */

/* Begin PBXFrameworksBuildPhase section */
		F2B6CE722512E2F300C9081D /* Frameworks */ = {
			isa = PBXFrameworksBuildPhase;
			buildActionMask = 2147483647;
			files = (
			);
			runOnlyForDeploymentPostprocessing = 0;
		};
/* End PBXFrameworksBuildPhase section */

/* Begin PBXGroup section */
		F2B6CE6C2512E2F300C9081D = {
			isa = PBXGroup;
			children = (
				F2B6CE772512E2F300C9081D /* simple-weather */,
				F2B6CE762512E2F300C9081D /* Products */,
			);
			sourceTree = "<group>";
		};
		F2B6CE762512E2F300C9081D /* Products */ = {
			isa = PBXGroup;
			children = (
				F2B6CE752512E2F300C9081D /* simple-weather.app */,
			);
			name = Products;
			sourceTree = "<group>";
		};
		F2B6CE772512E2F300C9081D /* simple-weather */ = {
			isa = PBXGroup;
			children = (
				F2B6CE782512E2F300C9081D /* AppDelegate.swift */,
				F2B6CE7A2512E2F300C9081D /* SceneDelegate.swift */,
				F2B6CE7C2512E2F300C9081D /* ContentView.swift */,
				F2B6CE7E2512E2F800C9081D /* Assets.xcassets */,
				F2B6CE832512E2F800C9081D /* LaunchScreen.storyboard */,
				F2B6CE862512E2F800C9081D /* Info.plist */,
				F2B6CE802512E2F800C9081D /* Preview Content */,
			);
			path = "simple-weather";
			sourceTree = "<group>";
		};
		F2B6CE802512E2F800C9081D /* Preview Content */ = {
			isa = PBXGroup;
			children = (
				F2B6CE812512E2F800C9081D /* Preview Assets.xcassets */,
			);
			path = "Preview Content";
			sourceTree = "<group>";
		};
/* End PBXGroup section */

/* Begin PBXNativeTarget section */
		F2B6CE742512E2F300C9081D /* simple-weather */ = {
			isa = PBXNativeTarget;
			buildConfigurationList = F2B6CE892512E2F800C9081D /* Build configuration list for PBXNativeTarget "simple-weather" */;
			buildPhases = (
				F2B6CE712512E2F300C9081D /* Sources */,
				F2B6CE722512E2F300C9081D /* Frameworks */,
				F2B6CE732512E2F300C9081D /* Resources */,
			);
			buildRules = (
			);
			dependencies = (
			);
			name = "simple-weather";
			productName = "simple-weather";
			productReference = F2B6CE752512E2F300C9081D /* simple-weather.app */;
			productType = "com.apple.product-type.application";
		};
/* End PBXNativeTarget section */

/* Begin PBXProject section */
		F2B6CE6D2512E2F300C9081D /* Project object */ = {
			isa = PBXProject;
			attributes = {
				LastSwiftUpdateCheck = 1170;
				LastUpgradeCheck = 1170;
				ORGANIZATIONNAME = "Kenny Tang";
				TargetAttributes = {
					F2B6CE742512E2F300C9081D = {
						CreatedOnToolsVersion = 11.7;
					};
				};
			};
			buildConfigurationList = F2B6CE702512E2F300C9081D /* Build configuration list for PBXProject "simple-weather" */;
			compatibilityVersion = "Xcode 9.3";
			developmentRegion = en;
			hasScannedForEncodings = 0;
			knownRegions = (
				en,
				Base,
			);
			mainGroup = F2B6CE6C2512E2F300C9081D;
			productRefGroup = F2B6CE762512E2F300C9081D /* Products */;
			projectDirPath = "";
			projectRoot = "";
			targets = (
				F2B6CE742512E2F300C9081D /* simple-weather */,
			);
		};
/* End PBXProject section */

/* Begin PBXResourcesBuildPhase section */
		F2B6CE732512E2F300C9081D /* Resources */ = {
			isa = PBXResourcesBuildPhase;
			buildActionMask = 2147483647;
			files = (
				F2B6CE852512E2F800C9081D /* LaunchScreen.storyboard in Resources */,
				F2B6CE822512E2F800C9081D /* Preview Assets.xcassets in Resources */,
				F2B6CE7F2512E2F800C9081D /* Assets.xcassets in Resources */,
			);
			runOnlyForDeploymentPostprocessing = 0;
		};
/* End PBXResourcesBuildPhase section */

/* Begin PBXSourcesBuildPhase section */
		F2B6CE712512E2F300C9081D /* Sources */ = {
			isa = PBXSourcesBuildPhase;
			buildActionMask = 2147483647;
			files = (
				F2B6CE792512E2F300C9081D /* AppDelegate.swift in Sources */,
				F2B6CE7B2512E2F300C9081D /* SceneDelegate.swift in Sources */,
				F2B6CE7D2512E2F300C9081D /* ContentView.swift in Sources */,
			);
			runOnlyForDeploymentPostprocessing = 0;
		};
/* End PBXSourcesBuildPhase section */

/* Begin PBXVariantGroup section */
		F2B6CE832512E2F800C9081D /* LaunchScreen.storyboard */ = {
			isa = PBXVariantGroup;
			children = (
				F2B6CE842512E2F800C9081D /* Base */,
			);
			name = LaunchScreen.storyboard;
			sourceTree = "<group>";
		};
/* End PBXVariantGroup section */

/* Begin XCBuildConfiguration section */
		F2B6CE872512E2F800C9081D /* Debug */ = {
			isa = XCBuildConfiguration;
			buildSettings = {
				ALWAYS_SEARCH_USER_PATHS = NO;
				CLANG_ANALYZER_NONNULL = YES;
				CLANG_ANALYZER_NUMBER_OBJECT_CONVERSION = YES_AGGRESSIVE;
				CLANG_CXX_LANGUAGE_STANDARD = "gnu++14";
				CLANG_CXX_LIBRARY = "libc++";
				CLANG_ENABLE_MODULES = YES;
				CLANG_ENABLE_OBJC_ARC = YES;
				CLANG_ENABLE_OBJC_WEAK = YES;
				CLANG_WARN_BLOCK_CAPTURE_AUTORELEASING = YES;
				CLANG_WARN_BOOL_CONVERSION = YES;
				CLANG_WARN_COMMA = YES;
				CLANG_WARN_CONSTANT_CONVERSION = YES;
				CLANG_WARN_DEPRECATED_OBJC_IMPLEMENTATIONS = YES;
				CLANG_WARN_DIRECT_OBJC_ISA_USAGE = YES_ERROR;
				CLANG_WARN_DOCUMENTATION_COMMENTS = YES;
				CLANG_WARN_EMPTY_BODY = YES;
				CLANG_WARN_ENUM_CONVERSION = YES;
				CLANG_WARN_INFINITE_RECURSION = YES;
				CLANG_WARN_INT_CONVERSION = YES;
				CLANG_WARN_NON_LITERAL_NULL_CONVERSION = YES;
				CLANG_WARN_OBJC_IMPLICIT_RETAIN_SELF = YES;
				CLANG_WARN_OBJC_LITERAL_CONVERSION = YES;
				CLANG_WARN_OBJC_ROOT_CLASS = YES_ERROR;
				CLANG_WARN_RANGE_LOOP_ANALYSIS = YES;
				CLANG_WARN_STRICT_PROTOTYPES = YES;
				CLANG_WARN_SUSPICIOUS_MOVE = YES;
				CLANG_WARN_UNGUARDED_AVAILABILITY = YES_AGGRESSIVE;
				CLANG_WARN_UNREACHABLE_CODE = YES;
				CLANG_WARN__DUPLICATE_METHOD_MATCH = YES;
				COPY_PHASE_STRIP = NO;
				DEBUG_INFORMATION_FORMAT = dwarf;
				ENABLE_STRICT_OBJC_MSGSEND = YES;
				ENABLE_TESTABILITY = YES;
				GCC_C_LANGUAGE_STANDARD = gnu11;
				GCC_DYNAMIC_NO_PIC = NO;
				GCC_NO_COMMON_BLOCKS = YES;
				GCC_OPTIMIZATION_LEVEL = 0;
				GCC_PREPROCESSOR_DEFINITIONS = (
					"DEBUG=1",
					"$(inherited)",
				);
				GCC_WARN_64_TO_32_BIT_CONVERSION = YES;
				GCC_WARN_ABOUT_RETURN_TYPE = YES_ERROR;
				GCC_WARN_UNDECLARED_SELECTOR = YES;
				GCC_WARN_UNINITIALIZED_AUTOS = YES_AGGRESSIVE;
				GCC_WARN_UNUSED_FUNCTION = YES;
				GCC_WARN_UNUSED_VARIABLE = YES;
				IPHONEOS_DEPLOYMENT_TARGET = 13.7;
				MTL_ENABLE_DEBUG_INFO = INCLUDE_SOURCE;
				MTL_FAST_MATH = YES;
				ONLY_ACTIVE_ARCH = YES;
				SDKROOT = iphoneos;
				SWIFT_ACTIVE_COMPILATION_CONDITIONS = DEBUG;
				SWIFT_OPTIMIZATION_LEVEL = "-Onone";
			};
			name = Debug;
		};
		F2B6CE882512E2F800C9081D /* Release */ = {
			isa = XCBuildConfiguration;
			buildSettings = {
				ALWAYS_SEARCH_USER_PATHS = NO;
				CLANG_ANALYZER_NONNULL = YES;
				CLANG_ANALYZER_NUMBER_OBJECT_CONVERSION = YES_AGGRESSIVE;
				CLANG_CXX_LANGUAGE_STANDARD = "gnu++14";
				CLANG_CXX_LIBRARY = "libc++";
				CLANG_ENABLE_MODULES = YES;
				CLANG_ENABLE_OBJC_ARC = YES;
				CLANG_ENABLE_OBJC_WEAK = YES;
				CLANG_WARN_BLOCK_CAPTURE_AUTORELEASING = YES;
				CLANG_WARN_BOOL_CONVERSION = YES;
				CLANG_WARN_COMMA = YES;
				CLANG_WARN_CONSTANT_CONVERSION = YES;
				CLANG_WARN_DEPRECATED_OBJC_IMPLEMENTATIONS = YES;
				CLANG_WARN_DIRECT_OBJC_ISA_USAGE = YES_ERROR;
				CLANG_WARN_DOCUMENTATION_COMMENTS = YES;
				CLANG_WARN_EMPTY_BODY = YES;
				CLANG_WARN_ENUM_CONVERSION = YES;
				CLANG_WARN_INFINITE_RECURSION = YES;
				CLANG_WARN_INT_CONVERSION = YES;
				CLANG_WARN_NON_LITERAL_NULL_CONVERSION = YES;
				CLANG_WARN_OBJC_IMPLICIT_RETAIN_SELF = YES;
				CLANG_WARN_OBJC_LITERAL_CONVERSION = YES;
				CLANG_WARN_OBJC_ROOT_CLASS = YES_ERROR;
				CLANG_WARN_RANGE_LOOP_ANALYSIS = YES;
				CLANG_WARN_STRICT_PROTOTYPES = YES;
				CLANG_WARN_SUSPICIOUS_MOVE = YES;
				CLANG_WARN_UNGUARDED_AVAILABILITY = YES_AGGRESSIVE;
				CLANG_WARN_UNREACHABLE_CODE = YES;
				CLANG_WARN__DUPLICATE_METHOD_MATCH = YES;
				COPY_PHASE_STRIP = NO;
				DEBUG_INFORMATION_FORMAT = "dwarf-with-dsym";
				ENABLE_NS_ASSERTIONS = NO;
				ENABLE_STRICT_OBJC_MSGSEND = YES;
				GCC_C_LANGUAGE_STANDARD = gnu11;
				GCC_NO_COMMON_BLOCKS = YES;
				GCC_WARN_64_TO_32_BIT_CONVERSION = YES;
				GCC_WARN_ABOUT_RETURN_TYPE = YES_ERROR;
				GCC_WARN_UNDECLARED_SELECTOR = YES;
				GCC_WARN_UNINITIALIZED_AUTOS = YES_AGGRESSIVE;
				GCC_WARN_UNUSED_FUNCTION = YES;
				GCC_WARN_UNUSED_VARIABLE = YES;
				IPHONEOS_DEPLOYMENT_TARGET = 13.7;
				MTL_ENABLE_DEBUG_INFO = NO;
				MTL_FAST_MATH = YES;
				SDKROOT = iphoneos;
				SWIFT_COMPILATION_MODE = wholemodule;
				SWIFT_OPTIMIZATION_LEVEL = "-O";
				VALIDATE_PRODUCT = YES;
			};
			name = Release;
		};
		F2B6CE8A2512E2F800C9081D /* Debug */ = {
			isa = XCBuildConfiguration;
			buildSettings = {
				ASSETCATALOG_COMPILER_APPICON_NAME = AppIcon;
				CODE_SIGN_STYLE = Automatic;
				DEVELOPMENT_ASSET_PATHS = "\"simple-weather/Preview Content\"";
				ENABLE_PREVIEWS = YES;
				INFOPLIST_FILE = "simple-weather/Info.plist";
				LD_RUNPATH_SEARCH_PATHS = (
					"$(inherited)",
					"@executable_path/Frameworks",
				);
				PRODUCT_BUNDLE_IDENTIFIER = "kenny.simple-weather";
				PRODUCT_NAME = "$(TARGET_NAME)";
				SWIFT_VERSION = 5.0;
				TARGETED_DEVICE_FAMILY = "1,2";
			};
			name = Debug;
		};
		F2B6CE8B2512E2F800C9081D /* Release */ = {
			isa = XCBuildConfiguration;
			buildSettings = {
				ASSETCATALOG_COMPILER_APPICON_NAME = AppIcon;
				CODE_SIGN_STYLE = Automatic;
				DEVELOPMENT_ASSET_PATHS = "\"simple-weather/Preview Content\"";
				ENABLE_PREVIEWS = YES;
				INFOPLIST_FILE = "simple-weather/Info.plist";
				LD_RUNPATH_SEARCH_PATHS = (
					"$(inherited)",
					"@executable_path/Frameworks",
				);
				PRODUCT_BUNDLE_IDENTIFIER = "kenny.simple-weather";
				PRODUCT_NAME = "$(TARGET_NAME)";
				SWIFT_VERSION = 5.0;
				TARGETED_DEVICE_FAMILY = "1,2";
			};
			name = Release;
		};
/* End XCBuildConfiguration section */

/* Begin XCConfigurationList section */
		F2B6CE702512E2F300C9081D /* Build configuration list for PBXProject "simple-weather" */ = {
			isa = XCConfigurationList;
			buildConfigurations = (
				F2B6CE872512E2F800C9081D /* Debug */,
				F2B6CE882512E2F800C9081D /* Release */,
			);
			defaultConfigurationIsVisible = 0;
			defaultConfigurationName = Release;
		};
		F2B6CE892512E2F800C9081D /* Build configuration list for PBXNativeTarget "simple-weather" */ = {
			isa = XCConfigurationList;
			buildConfigurations = (
				F2B6CE8A2512E2F800C9081D /* Debug */,
				F2B6CE8B2512E2F800C9081D /* Release */,
			);
			defaultConfigurationIsVisible = 0;
			defaultConfigurationName = Release;
		};
/* End XCConfigurationList section */
	};
	rootObject = F2B6CE6D2512E2F300C9081D /* Project object */;
}
